
Microsoft Visual Studio Solution File, Format Version 12.00
# Visual Studio 15
VisualStudioVersion = 15.0.28307.329
MinimumVisualStudioVersion = 10.0.40219.1
Project("{FAE04EC0-301F-11D3-BF4B-00C04F79EFBC}") = "Strings", "Strings\Strings.csproj", "{90D69704-B13B-420E-A1E6-5F2B2908CB54}"
EndProject
Global
	GlobalSection(SolutionConfigurationPlatforms) = preSolution
		Debug|Any CPU = Debug|Any CPU
		Release|Any CPU = Release|Any CPU
	EndGlobalSection
	GlobalSection(ProjectConfigurationPlatforms) = postSolution
		{90D69704-B13B-420E-A1E6-5F2B2908CB54}.Debug|Any CPU.ActiveCfg = Debug|Any CPU
		{90D69704-B13B-420E-A1E6-5F2B2908CB54}.Debug|Any CPU.Build.0 = Debug|Any CPU
		{90D69704-B13B-420E-A1E6-5F2B2908CB54}.Release|Any CPU.ActiveCfg = Release|Any CPU
		{90D69704-B13B-420E-A1E6-5F2B2908CB54}.Release|Any CPU.Build.0 = Release|Any CPU
	EndGlobalSection
	GlobalSection(SolutionProperties) = preSolution
		HideSolutionNode = FALSE
	EndGlobalSection
	GlobalSection(ExtensibilityGlobals) = postSolution
		SolutionGuid = {D701041B-C4A1-4690-8AE2-6B2973E1332B}
	EndGlobalSection
EndGlobal
